{
  "name": "eta",
  "lockfileVersion": 2,
  "requires": true,
  "packages": {
    "": {
      "dependencies": {
        "eta": "^3.1.0"
      }
    },
    "node_modules/eta": {
      "version": "3.1.0",
      "resolved": "https://registry.npmjs.org/eta/-/eta-3.1.0.tgz",
      "integrity": "sha512-my4rbVATtKt9P7oNH6NkynI2bMY081ak9mZfX5Hh2tZ0HHCMhhFKYh6KH9NyUTRMTgohYd2Pd8lA2b9IbR0WrA==",
      "engines": {
        "node": ">=6.0.0"
      },
      "funding": {
        "url": "https://github.com/eta-dev/eta?sponsor=1"
      }
    }
  },
  "dependencies": {
    "eta": {
      "version": "3.1.0",
      "resolved": "https://registry.npmjs.org/eta/-/eta-3.1.0.tgz",
      "integrity": "sha512-my4rbVATtKt9P7oNH6NkynI2bMY081ak9mZfX5Hh2tZ0HHCMhhFKYh6KH9NyUTRMTgohYd2Pd8lA2b9IbR0WrA=="
    }
  }
}
